
Microsoft Visual Studio Solution File, Format Version 12.00
# Visual Studio 2013
VisualStudioVersion = 12.0.40629.0
MinimumVisualStudioVersion = 10.0.40219.1
Project("{FAE04EC0-301F-11D3-BF4B-00C04F79EFBC}") = "LibraryManagerPro", "LibraryManagerPro\LibraryManagerPro.csproj", "{7EABAF27-1781-45BC-B582-2226931F354A}"
EndProject
Project("{FAE04EC0-301F-11D3-BF4B-00C04F79EFBC}") = "BLL", "BLL\BLL.csproj", "{67F0813C-0712-4529-96D0-24F5631D3312}"
EndProject
Project("{FAE04EC0-301F-11D3-BF4B-00C04F79EFBC}") = "DAL", "DAL\DAL.csproj", "{06A48402-2683-4894-B0A2-2169627B2102}"
EndProject
Project("{FAE04EC0-301F-11D3-BF4B-00C04F79EFBC}") = "Models", "Models\Models.csproj", "{C234A3CF-2C6E-4E59-838C-468DAF393745}"
EndProject
Project("{FAE04EC0-301F-11D3-BF4B-00C04F79EFBC}") = "Common", "Common\Common.csproj", "{658EE481-CFD2-4EC4-9CC6-7BDF316F2201}"
EndProject
Project("{FAE04EC0-301F-11D3-BF4B-00C04F79EFBC}") = "DBUitily", "DBUitily\DBUitily.csproj", "{4FA4ECA3-BF0D-402A-AFA1-DAC77B184061}"
EndProject
Global
	GlobalSection(SolutionConfigurationPlatforms) = preSolution
		CD_ROM|Any CPU = CD_ROM|Any CPU
		Debug|Any CPU = Debug|Any CPU
		DVD-5|Any CPU = DVD-5|Any CPU
		Release|Any CPU = Release|Any CPU
		SingleImage|Any CPU = SingleImage|Any CPU
	EndGlobalSection
	GlobalSection(ProjectConfigurationPlatforms) = postSolution
		{7EABAF27-1781-45BC-B582-2226931F354A}.CD_ROM|Any CPU.ActiveCfg = Release|Any CPU
		{7EABAF27-1781-45BC-B582-2226931F354A}.CD_ROM|Any CPU.Build.0 = Release|Any CPU
		{7EABAF27-1781-45BC-B582-2226931F354A}.Debug|Any CPU.ActiveCfg = Debug|Any CPU
		{7EABAF27-1781-45BC-B582-2226931F354A}.Debug|Any CPU.Build.0 = Debug|Any CPU
		{7EABAF27-1781-45BC-B582-2226931F354A}.DVD-5|Any CPU.ActiveCfg = Debug|Any CPU
		{7EABAF27-1781-45BC-B582-2226931F354A}.DVD-5|Any CPU.Build.0 = Debug|Any CPU
		{7EABAF27-1781-45BC-B582-2226931F354A}.Release|Any CPU.ActiveCfg = Release|Any CPU
		{7EABAF27-1781-45BC-B582-2226931F354A}.Release|Any CPU.Build.0 = Release|Any CPU
		{7EABAF27-1781-45BC-B582-2226931F354A}.SingleImage|Any CPU.ActiveCfg = Release|Any CPU
		{7EABAF27-1781-45BC-B582-2226931F354A}.SingleImage|Any CPU.Build.0 = Release|Any CPU
		{67F0813C-0712-4529-96D0-24F5631D3312}.CD_ROM|Any CPU.ActiveCfg = Release|Any CPU
		{67F0813C-0712-4529-96D0-24F5631D3312}.CD_ROM|Any CPU.Build.0 = Release|Any CPU
		{67F0813C-0712-4529-96D0-24F5631D3312}.Debug|Any CPU.ActiveCfg = Debug|Any CPU
		{67F0813C-0712-4529-96D0-24F5631D3312}.Debug|Any CPU.Build.0 = Debug|Any CPU
		{67F0813C-0712-4529-96D0-24F5631D3312}.DVD-5|Any CPU.ActiveCfg = Debug|Any CPU
		{67F0813C-0712-4529-96D0-24F5631D3312}.DVD-5|Any CPU.Build.0 = Debug|Any CPU
		{67F0813C-0712-4529-96D0-24F5631D3312}.Release|Any CPU.ActiveCfg = Release|Any CPU
		{67F0813C-0712-4529-96D0-24F5631D3312}.Release|Any CPU.Build.0 = Release|Any CPU
		{67F0813C-0712-4529-96D0-24F5631D3312}.SingleImage|Any CPU.ActiveCfg = Release|Any CPU
		{67F0813C-0712-4529-96D0-24F5631D3312}.SingleImage|Any CPU.Build.0 = Release|Any CPU
		{06A48402-2683-4894-B0A2-2169627B2102}.CD_ROM|Any CPU.ActiveCfg = Release|Any CPU
		{06A48402-2683-4894-B0A2-2169627B2102}.CD_ROM|Any CPU.Build.0 = Release|Any CPU
		{06A48402-2683-4894-B0A2-2169627B2102}.Debug|Any CPU.ActiveCfg = Debug|Any CPU
		{06A48402-2683-4894-B0A2-2169627B2102}.Debug|Any CPU.Build.0 = Debug|Any CPU
		{06A48402-2683-4894-B0A2-2169627B2102}.DVD-5|Any CPU.ActiveCfg = Debug|Any CPU
		{06A48402-2683-4894-B0A2-2169627B2102}.DVD-5|Any CPU.Build.0 = Debug|Any CPU
		{06A48402-2683-4894-B0A2-2169627B2102}.Release|Any CPU.ActiveCfg = Release|Any CPU
		{06A48402-2683-4894-B0A2-2169627B2102}.Release|Any CPU.Build.0 = Release|Any CPU
		{06A48402-2683-4894-B0A2-2169627B2102}.SingleImage|Any CPU.ActiveCfg = Release|Any CPU
		{06A48402-2683-4894-B0A2-2169627B2102}.SingleImage|Any CPU.Build.0 = Release|Any CPU
		{C234A3CF-2C6E-4E59-838C-468DAF393745}.CD_ROM|Any CPU.ActiveCfg = Release|Any CPU
		{C234A3CF-2C6E-4E59-838C-468DAF393745}.CD_ROM|Any CPU.Build.0 = Release|Any CPU
		{C234A3CF-2C6E-4E59-838C-468DAF393745}.Debug|Any CPU.ActiveCfg = Debug|Any CPU
		{C234A3CF-2C6E-4E59-838C-468DAF393745}.Debug|Any CPU.Build.0 = Debug|Any CPU
		{C234A3CF-2C6E-4E59-838C-468DAF393745}.DVD-5|Any CPU.ActiveCfg = Debug|Any CPU
		{C234A3CF-2C6E-4E59-838C-468DAF393745}.DVD-5|Any CPU.Build.0 = Debug|Any CPU
		{C234A3CF-2C6E-4E59-838C-468DAF393745}.Release|Any CPU.ActiveCfg = Release|Any CPU
		{C234A3CF-2C6E-4E59-838C-468DAF393745}.Release|Any CPU.Build.0 = Release|Any CPU
		{C234A3CF-2C6E-4E59-838C-468DAF393745}.SingleImage|Any CPU.ActiveCfg = Release|Any CPU
		{C234A3CF-2C6E-4E59-838C-468DAF393745}.SingleImage|Any CPU.Build.0 = Release|Any CPU
		{658EE481-CFD2-4EC4-9CC6-7BDF316F2201}.CD_ROM|Any CPU.ActiveCfg = Release|Any CPU
		{658EE481-CFD2-4EC4-9CC6-7BDF316F2201}.CD_ROM|Any CPU.Build.0 = Release|Any CPU
		{658EE481-CFD2-4EC4-9CC6-7BDF316F2201}.Debug|Any CPU.ActiveCfg = Debug|Any CPU
		{658EE481-CFD2-4EC4-9CC6-7BDF316F2201}.Debug|Any CPU.Build.0 = Debug|Any CPU
		{658EE481-CFD2-4EC4-9CC6-7BDF316F2201}.DVD-5|Any CPU.ActiveCfg = Debug|Any CPU
		{658EE481-CFD2-4EC4-9CC6-7BDF316F2201}.DVD-5|Any CPU.Build.0 = Debug|Any CPU
		{658EE481-CFD2-4EC4-9CC6-7BDF316F2201}.Release|Any CPU.ActiveCfg = Release|Any CPU
		{658EE481-CFD2-4EC4-9CC6-7BDF316F2201}.Release|Any CPU.Build.0 = Release|Any CPU
		{658EE481-CFD2-4EC4-9CC6-7BDF316F2201}.SingleImage|Any CPU.ActiveCfg = Release|Any CPU
		{658EE481-CFD2-4EC4-9CC6-7BDF316F2201}.SingleImage|Any CPU.Build.0 = Release|Any CPU
		{4FA4ECA3-BF0D-402A-AFA1-DAC77B184061}.CD_ROM|Any CPU.ActiveCfg = Release|Any CPU
		{4FA4ECA3-BF0D-402A-AFA1-DAC77B184061}.CD_ROM|Any CPU.Build.0 = Release|Any CPU
		{4FA4ECA3-BF0D-402A-AFA1-DAC77B184061}.Debug|Any CPU.ActiveCfg = Debug|Any CPU
		{4FA4ECA3-BF0D-402A-AFA1-DAC77B184061}.Debug|Any CPU.Build.0 = Debug|Any CPU
		{4FA4ECA3-BF0D-402A-AFA1-DAC77B184061}.DVD-5|Any CPU.ActiveCfg = Debug|Any CPU
		{4FA4ECA3-BF0D-402A-AFA1-DAC77B184061}.DVD-5|Any CPU.Build.0 = Debug|Any CPU
		{4FA4ECA3-BF0D-402A-AFA1-DAC77B184061}.Release|Any CPU.ActiveCfg = Release|Any CPU
		{4FA4ECA3-BF0D-402A-AFA1-DAC77B184061}.Release|Any CPU.Build.0 = Release|Any CPU
		{4FA4ECA3-BF0D-402A-AFA1-DAC77B184061}.SingleImage|Any CPU.ActiveCfg = Release|Any CPU
		{4FA4ECA3-BF0D-402A-AFA1-DAC77B184061}.SingleImage|Any CPU.Build.0 = Release|Any CPU
	EndGlobalSection
	GlobalSection(SolutionProperties) = preSolution
		HideSolutionNode = FALSE
	EndGlobalSection
EndGlobal
